
Microsoft Visual Studio Solution File, Format Version 12.00
# Visual Studio Version 16
VisualStudioVersion = 16.0.28803.156
MinimumVisualStudioVersion = 10.0.40219.1
Project("{FAE04EC0-301F-11D3-BF4B-00C04F79EFBC}") = "LLK", "LLK\LLK.csproj", "{2805B1E3-F9BB-42C5-AEE2-B13179DB2560}"
EndProject
Global
	GlobalSection(SolutionConfigurationPlatforms) = preSolution
		Debug|Any CPU = Debug|Any CPU
		Release|Any CPU = Release|Any CPU
	EndGlobalSection
	GlobalSection(ProjectConfigurationPlatforms) = postSolution
		{2805B1E3-F9BB-42C5-AEE2-B13179DB2560}.Debug|Any CPU.ActiveCfg = Debug|Any CPU
		{2805B1E3-F9BB-42C5-AEE2-B13179DB2560}.Debug|Any CPU.Build.0 = Debug|Any CPU
		{2805B1E3-F9BB-42C5-AEE2-B13179DB2560}.Release|Any CPU.ActiveCfg = Release|Any CPU
		{2805B1E3-F9BB-42C5-AEE2-B13179DB2560}.Release|Any CPU.Build.0 = Release|Any CPU
	EndGlobalSection
	GlobalSection(SolutionProperties) = preSolution
		HideSolutionNode = FALSE
	EndGlobalSection
	GlobalSection(ExtensibilityGlobals) = postSolution
		SolutionGuid = {777D00C3-FCF1-48CF-8C73-E6708B23D899}
	EndGlobalSection
EndGlobal
